// !$*UTF8*$!
{
	archiveVersion = 1;
	classes = {
	};
	objectVersion = 46;
	objects = {

/* Begin PBXBuildFile section */
		186375F319C32FBDDC3BFEB2 /* Pods_carfixapp.framework in Frameworks */ = {isa = PBXBuildFile; fileRef = 272B523883623C1FBC37DA50 /* Pods_carfixapp.framework */; };
		40418F021C4C035F00230CA7 /* header.m in Sources */ = {isa = PBXBuildFile; fileRef = 40418F011C4C035F00230CA7 /* header.m */; };
		40E3E2301C4BF17D00A70BA0 /* AppDelegate.swift in Sources */ = {isa = PBXBuildFile; fileRef = 40E3E22F1C4BF17D00A70BA0 /* AppDelegate.swift */; };
		40E3E2391C4BF17D00A70BA0 /* Main.storyboard in Resources */ = {isa = PBXBuildFile; fileRef = 40E3E2371C4BF17D00A70BA0 /* Main.storyboard */; };
		40E3E23B1C4BF17D00A70BA0 /* Images.xcassets in Resources */ = {isa = PBXBuildFile; fileRef = 40E3E23A1C4BF17D00A70BA0 /* Images.xcassets */; };
		40E3E23E1C4BF17D00A70BA0 /* LaunchScreen.storyboard in Resources */ = {isa = PBXBuildFile; fileRef = 40E3E23C1C4BF17D00A70BA0 /* LaunchScreen.storyboard */; };
		40E3E2491C4BF17E00A70BA0 /* carfixappTests.swift in Sources */ = {isa = PBXBuildFile; fileRef = 40E3E2481C4BF17E00A70BA0 /* carfixappTests.swift */; };
		40E3E2541C4BF17E00A70BA0 /* carfixappUITests.swift in Sources */ = {isa = PBXBuildFile; fileRef = 40E3E2531C4BF17E00A70BA0 /* carfixappUITests.swift */; };
		40E3E2631C4BF27300A70BA0 /* MapViewController.swift in Sources */ = {isa = PBXBuildFile; fileRef = 40E3E2621C4BF27300A70BA0 /* MapViewController.swift */; };
		40E3E2651C4BF2B200A70BA0 /* TypesTableViewController.swift in Sources */ = {isa = PBXBuildFile; fileRef = 40E3E2641C4BF2B200A70BA0 /* TypesTableViewController.swift */; };
		40E3E2681C4BF2E100A70BA0 /* GoogleDataProvider.swift in Sources */ = {isa = PBXBuildFile; fileRef = 40E3E2671C4BF2E100A70BA0 /* GoogleDataProvider.swift */; };
		40E3E26A1C4BF30900A70BA0 /* GooglePlace.swift in Sources */ = {isa = PBXBuildFile; fileRef = 40E3E2691C4BF30900A70BA0 /* GooglePlace.swift */; };
		40F5F0F61C4D5204003D257C /* Parse.framework in Frameworks */ = {isa = PBXBuildFile; fileRef = 40F5F0F51C4D5204003D257C /* Parse.framework */; };
		40F5F0F81C4D520A003D257C /* Bolts.framework in Frameworks */ = {isa = PBXBuildFile; fileRef = 40F5F0F71C4D520A003D257C /* Bolts.framework */; };
		40F5F0FA1C4D5521003D257C /* Security.framework in Frameworks */ = {isa = PBXBuildFile; fileRef = 40F5F0F91C4D5521003D257C /* Security.framework */; };
		40F5F0FC1C4D5721003D257C /* parse-library-1.12.0 in Resources */ = {isa = PBXBuildFile; fileRef = 40F5F0FB1C4D5721003D257C /* parse-library-1.12.0 */; };
		40F5F0FE1C4D57AC003D257C /* AudioToolbox.framework in Frameworks */ = {isa = PBXBuildFile; fileRef = 40F5F0FD1C4D57AC003D257C /* AudioToolbox.framework */; };
		40F5F1001C4D57B6003D257C /* CFNetwork.framework in Frameworks */ = {isa = PBXBuildFile; fileRef = 40F5F0FF1C4D57B6003D257C /* CFNetwork.framework */; };
		40F5F1021C4D57C4003D257C /* CoreGraphics.framework in Frameworks */ = {isa = PBXBuildFile; fileRef = 40F5F1011C4D57C4003D257C /* CoreGraphics.framework */; };
		40F5F1041C4D57D0003D257C /* CoreLocation.framework in Frameworks */ = {isa = PBXBuildFile; fileRef = 40F5F1031C4D57D0003D257C /* CoreLocation.framework */; };
		40F5F1061C4D57DA003D257C /* QuartzCore.framework in Frameworks */ = {isa = PBXBuildFile; fileRef = 40F5F1051C4D57DA003D257C /* QuartzCore.framework */; };
		40F5F1081C4D57EF003D257C /* StoreKit.framework in Frameworks */ = {isa = PBXBuildFile; fileRef = 40F5F1071C4D57EF003D257C /* StoreKit.framework */; };
		40F5F10A1C4D57FB003D257C /* SystemConfiguration.framework in Frameworks */ = {isa = PBXBuildFile; fileRef = 40F5F1091C4D57FB003D257C /* SystemConfiguration.framework */; };
		40F5F10C1C4D5805003D257C /* libz.tbd in Frameworks */ = {isa = PBXBuildFile; fileRef = 40F5F10B1C4D5805003D257C /* libz.tbd */; };
		40F5F10E1C4D5814003D257C /* libsqlite3.tbd in Frameworks */ = {isa = PBXBuildFile; fileRef = 40F5F10D1C4D5814003D257C /* libsqlite3.tbd */; };
/* End PBXBuildFile section */

/* Begin PBXContainerItemProxy section */
		40E3E2451C4BF17E00A70BA0 /* PBXContainerItemProxy */ = {
			isa = PBXContainerItemProxy;
			containerPortal = 40E3E2241C4BF17D00A70BA0 /* Project object */;
			proxyType = 1;
			remoteGlobalIDString = 40E3E22B1C4BF17D00A70BA0;
			remoteInfo = carfixapp;
		};
		40E3E2501C4BF17E00A70BA0 /* PBXContainerItemProxy */ = {
			isa = PBXContainerItemProxy;
			containerPortal = 40E3E2241C4BF17D00A70BA0 /* Project object */;
			proxyType = 1;
			remoteGlobalIDString = 40E3E22B1C4BF17D00A70BA0;
			remoteInfo = carfixapp;
		};
/* End PBXContainerItemProxy section */

/* Begin PBXFileReference section */
		272B523883623C1FBC37DA50 /* Pods_carfixapp.framework */ = {isa = PBXFileReference; explicitFileType = wrapper.framework; includeInIndex = 0; path = Pods_carfixapp.framework; sourceTree = BUILT_PRODUCTS_DIR; };
		40418F001C4C035F00230CA7 /* carfixapp-Bridging-Header.h */ = {isa = PBXFileReference; lastKnownFileType = sourcecode.c.h; path = "carfixapp-Bridging-Header.h"; sourceTree = "<group>"; };
		40418F011C4C035F00230CA7 /* header.m */ = {isa = PBXFileReference; fileEncoding = 4; lastKnownFileType = sourcecode.c.objc; path = header.m; sourceTree = "<group>"; };
		40E3E22C1C4BF17D00A70BA0 /* carfixapp.app */ = {isa = PBXFileReference; explicitFileType = wrapper.application; includeInIndex = 0; path = carfixapp.app; sourceTree = BUILT_PRODUCTS_DIR; };
		40E3E22F1C4BF17D00A70BA0 /* AppDelegate.swift */ = {isa = PBXFileReference; lastKnownFileType = sourcecode.swift; path = AppDelegate.swift; sourceTree = "<group>"; };
		40E3E2381C4BF17D00A70BA0 /* Base */ = {isa = PBXFileReference; lastKnownFileType = file.storyboard; name = Base; path = Base.lproj/Main.storyboard; sourceTree = "<group>"; };
		40E3E23A1C4BF17D00A70BA0 /* Images.xcassets */ = {isa = PBXFileReference; lastKnownFileType = folder.assetcatalog; name = Images.xcassets; path = carfixapp/Images.xcassets; sourceTree = "<group>"; };
		40E3E23D1C4BF17D00A70BA0 /* Base */ = {isa = PBXFileReference; lastKnownFileType = file.storyboard; name = Base; path = Base.lproj/LaunchScreen.storyboard; sourceTree = "<group>"; };
		40E3E23F1C4BF17D00A70BA0 /* Info.plist */ = {isa = PBXFileReference; lastKnownFileType = text.plist.xml; name = Info.plist; path = carfixapp/Info.plist; sourceTree = "<group>"; };
		40E3E2441C4BF17E00A70BA0 /* carfixappTests.xctest */ = {isa = PBXFileReference; explicitFileType = wrapper.cfbundle; includeInIndex = 0; path = carfixappTests.xctest; sourceTree = BUILT_PRODUCTS_DIR; };
		40E3E2481C4BF17E00A70BA0 /* carfixappTests.swift */ = {isa = PBXFileReference; lastKnownFileType = sourcecode.swift; path = carfixappTests.swift; sourceTree = "<group>"; };
		40E3E24A1C4BF17E00A70BA0 /* Info.plist */ = {isa = PBXFileReference; lastKnownFileType = text.plist.xml; path = Info.plist; sourceTree = "<group>"; };
		40E3E24F1C4BF17E00A70BA0 /* carfixappUITests.xctest */ = {isa = PBXFileReference; explicitFileType = wrapper.cfbundle; includeInIndex = 0; path = carfixappUITests.xctest; sourceTree = BUILT_PRODUCTS_DIR; };
		40E3E2531C4BF17E00A70BA0 /* carfixappUITests.swift */ = {isa = PBXFileReference; lastKnownFileType = sourcecode.swift; path = carfixappUITests.swift; sourceTree = "<group>"; };
		40E3E2551C4BF17E00A70BA0 /* Info.plist */ = {isa = PBXFileReference; lastKnownFileType = text.plist.xml; path = Info.plist; sourceTree = "<group>"; };
		40E3E2621C4BF27300A70BA0 /* MapViewController.swift */ = {isa = PBXFileReference; fileEncoding = 4; lastKnownFileType = sourcecode.swift; path = MapViewController.swift; sourceTree = "<group>"; };
		40E3E2641C4BF2B200A70BA0 /* TypesTableViewController.swift */ = {isa = PBXFileReference; fileEncoding = 4; lastKnownFileType = sourcecode.swift; path = TypesTableViewController.swift; sourceTree = "<group>"; };
		40E3E2671C4BF2E100A70BA0 /* GoogleDataProvider.swift */ = {isa = PBXFileReference; fileEncoding = 4; lastKnownFileType = sourcecode.swift; path = GoogleDataProvider.swift; sourceTree = "<group>"; };
		40E3E2691C4BF30900A70BA0 /* GooglePlace.swift */ = {isa = PBXFileReference; fileEncoding = 4; lastKnownFileType = sourcecode.swift; path = GooglePlace.swift; sourceTree = "<group>"; };
		40F5F0F51C4D5204003D257C /* Parse.framework */ = {isa = PBXFileReference; lastKnownFileType = wrapper.framework; name = Parse.framework; path = "Pods/../build/Debug-iphoneos/Parse.framework"; sourceTree = "<group>"; };
		40F5F0F71C4D520A003D257C /* Bolts.framework */ = {isa = PBXFileReference; lastKnownFileType = wrapper.framework; name = Bolts.framework; path = "Pods/../build/Debug-iphoneos/Bolts.framework"; sourceTree = "<group>"; };
		40F5F0F91C4D5521003D257C /* Security.framework */ = {isa = PBXFileReference; lastKnownFileType = wrapper.framework; name = Security.framework; path = System/Library/Frameworks/Security.framework; sourceTree = SDKROOT; };
		40F5F0FB1C4D5721003D257C /* parse-library-1.12.0 */ = {isa = PBXFileReference; lastKnownFileType = folder; path = "parse-library-1.12.0"; sourceTree = "<group>"; };
		40F5F0FD1C4D57AC003D257C /* AudioToolbox.framework */ = {isa = PBXFileReference; lastKnownFileType = wrapper.framework; name = AudioToolbox.framework; path = System/Library/Frameworks/AudioToolbox.framework; sourceTree = SDKROOT; };
		40F5F0FF1C4D57B6003D257C /* CFNetwork.framework */ = {isa = PBXFileReference; lastKnownFileType = wrapper.framework; name = CFNetwork.framework; path = System/Library/Frameworks/CFNetwork.framework; sourceTree = SDKROOT; };
		40F5F1011C4D57C4003D257C /* CoreGraphics.framework */ = {isa = PBXFileReference; lastKnownFileType = wrapper.framework; name = CoreGraphics.framework; path = System/Library/Frameworks/CoreGraphics.framework; sourceTree = SDKROOT; };
		40F5F1031C4D57D0003D257C /* CoreLocation.framework */ = {isa = PBXFileReference; lastKnownFileType = wrapper.framework; name = CoreLocation.framework; path = System/Library/Frameworks/CoreLocation.framework; sourceTree = SDKROOT; };
		40F5F1051C4D57DA003D257C /* QuartzCore.framework */ = {isa = PBXFileReference; lastKnownFileType = wrapper.framework; name = QuartzCore.framework; path = System/Library/Frameworks/QuartzCore.framework; sourceTree = SDKROOT; };
		40F5F1071C4D57EF003D257C /* StoreKit.framework */ = {isa = PBXFileReference; lastKnownFileType = wrapper.framework; name = StoreKit.framework; path = System/Library/Frameworks/StoreKit.framework; sourceTree = SDKROOT; };
		40F5F1091C4D57FB003D257C /* SystemConfiguration.framework */ = {isa = PBXFileReference; lastKnownFileType = wrapper.framework; name = SystemConfiguration.framework; path = System/Library/Frameworks/SystemConfiguration.framework; sourceTree = SDKROOT; };
		40F5F10B1C4D5805003D257C /* libz.tbd */ = {isa = PBXFileReference; lastKnownFileType = "sourcecode.text-based-dylib-definition"; name = libz.tbd; path = usr/lib/libz.tbd; sourceTree = SDKROOT; };
		40F5F10D1C4D5814003D257C /* libsqlite3.tbd */ = {isa = PBXFileReference; lastKnownFileType = "sourcecode.text-based-dylib-definition"; name = libsqlite3.tbd; path = usr/lib/libsqlite3.tbd; sourceTree = SDKROOT; };
		BCEF2A4FF4E4262D178B0B08 /* Pods-carfixapp.debug.xcconfig */ = {isa = PBXFileReference; includeInIndex = 1; lastKnownFileType = text.xcconfig; name = "Pods-carfixapp.debug.xcconfig"; path = "Pods/Target Support Files/Pods-carfixapp/Pods-carfixapp.debug.xcconfig"; sourceTree = "<group>"; };
		F7B30079F1B888A1A35416B8 /* Pods-carfixapp.release.xcconfig */ = {isa = PBXFileReference; includeInIndex = 1; lastKnownFileType = text.xcconfig; name = "Pods-carfixapp.release.xcconfig"; path = "Pods/Target Support Files/Pods-carfixapp/Pods-carfixapp.release.xcconfig"; sourceTree = "<group>"; };
/* End PBXFileReference section */

/* Begin PBXFrameworksBuildPhase section */
		40E3E2291C4BF17D00A70BA0 /* Frameworks */ = {
			isa = PBXFrameworksBuildPhase;
			buildActionMask = 2147483647;
			files = (
				40F5F10E1C4D5814003D257C /* libsqlite3.tbd in Frameworks */,
				40F5F10C1C4D5805003D257C /* libz.tbd in Frameworks */,
				40F5F10A1C4D57FB003D257C /* SystemConfiguration.framework in Frameworks */,
				40F5F1081C4D57EF003D257C /* StoreKit.framework in Frameworks */,
				40F5F0FA1C4D5521003D257C /* Security.framework in Frameworks */,
				40F5F1061C4D57DA003D257C /* QuartzCore.framework in Frameworks */,
				40F5F1041C4D57D0003D257C /* CoreLocation.framework in Frameworks */,
				40F5F1021C4D57C4003D257C /* CoreGraphics.framework in Frameworks */,
				40F5F1001C4D57B6003D257C /* CFNetwork.framework in Frameworks */,
				40F5F0FE1C4D57AC003D257C /* AudioToolbox.framework in Frameworks */,
				40F5F0F81C4D520A003D257C /* Bolts.framework in Frameworks */,
				40F5F0F61C4D5204003D257C /* Parse.framework in Frameworks */,
				186375F319C32FBDDC3BFEB2 /* Pods_carfixapp.framework in Frameworks */,
			);
			runOnlyForDeploymentPostprocessing = 0;
		};
		40E3E2411C4BF17E00A70BA0 /* Frameworks */ = {
			isa = PBXFrameworksBuildPhase;
			buildActionMask = 2147483647;
			files = (
			);
			runOnlyForDeploymentPostprocessing = 0;
		};
		40E3E24C1C4BF17E00A70BA0 /* Frameworks */ = {
			isa = PBXFrameworksBuildPhase;
			buildActionMask = 2147483647;
			files = (
			);
			runOnlyForDeploymentPostprocessing = 0;
		};
/* End PBXFrameworksBuildPhase section */

/* Begin PBXGroup section */
		1A0505FD4811D03FA71B14BE /* Pods */ = {
			isa = PBXGroup;
			children = (
				BCEF2A4FF4E4262D178B0B08 /* Pods-carfixapp.debug.xcconfig */,
				F7B30079F1B888A1A35416B8 /* Pods-carfixapp.release.xcconfig */,
			);
			name = Pods;
			sourceTree = "<group>";
		};
		40E3E2231C4BF17D00A70BA0 = {
			isa = PBXGroup;
			children = (
				40418F011C4C035F00230CA7 /* header.m */,
				40E3E26C1C4BF3CA00A70BA0 /* Supporting Files */,
				40E3E26B1C4BF32C00A70BA0 /* Views */,
				40E3E2661C4BF2CD00A70BA0 /* Model */,
				40E3E2611C4BF25400A70BA0 /* Controllers */,
				40E3E22E1C4BF17D00A70BA0 /* carfixapp */,
				40E3E2471C4BF17E00A70BA0 /* carfixappTests */,
				40E3E23A1C4BF17D00A70BA0 /* Images.xcassets */,
				40E3E2521C4BF17E00A70BA0 /* carfixappUITests */,
				40E3E22D1C4BF17D00A70BA0 /* Products */,
				1A0505FD4811D03FA71B14BE /* Pods */,
				F02D85A75C552DAEE753DE42 /* Frameworks */,
				40418F001C4C035F00230CA7 /* carfixapp-Bridging-Header.h */,
			);
			sourceTree = "<group>";
		};
		40E3E22D1C4BF17D00A70BA0 /* Products */ = {
			isa = PBXGroup;
			children = (
				40E3E22C1C4BF17D00A70BA0 /* carfixapp.app */,
				40E3E2441C4BF17E00A70BA0 /* carfixappTests.xctest */,
				40E3E24F1C4BF17E00A70BA0 /* carfixappUITests.xctest */,
			);
			name = Products;
			sourceTree = "<group>";
		};
		40E3E22E1C4BF17D00A70BA0 /* carfixapp */ = {
			isa = PBXGroup;
			children = (
				40E3E22F1C4BF17D00A70BA0 /* AppDelegate.swift */,
			);
			path = carfixapp;
			sourceTree = "<group>";
		};
		40E3E2471C4BF17E00A70BA0 /* carfixappTests */ = {
			isa = PBXGroup;
			children = (
				40E3E2481C4BF17E00A70BA0 /* carfixappTests.swift */,
				40E3E24A1C4BF17E00A70BA0 /* Info.plist */,
			);
			path = carfixappTests;
			sourceTree = "<group>";
		};
		40E3E2521C4BF17E00A70BA0 /* carfixappUITests */ = {
			isa = PBXGroup;
			children = (
				40E3E2531C4BF17E00A70BA0 /* carfixappUITests.swift */,
				40E3E2551C4BF17E00A70BA0 /* Info.plist */,
			);
			path = carfixappUITests;
			sourceTree = "<group>";
		};
		40E3E2611C4BF25400A70BA0 /* Controllers */ = {
			isa = PBXGroup;
			children = (
				40E3E2621C4BF27300A70BA0 /* MapViewController.swift */,
				40E3E2641C4BF2B200A70BA0 /* TypesTableViewController.swift */,
			);
			name = Controllers;
			sourceTree = "<group>";
		};
		40E3E2661C4BF2CD00A70BA0 /* Model */ = {
			isa = PBXGroup;
			children = (
				40E3E2671C4BF2E100A70BA0 /* GoogleDataProvider.swift */,
				40E3E2691C4BF30900A70BA0 /* GooglePlace.swift */,
			);
			name = Model;
			sourceTree = "<group>";
		};
		40E3E26B1C4BF32C00A70BA0 /* Views */ = {
			isa = PBXGroup;
			children = (
				40E3E2371C4BF17D00A70BA0 /* Main.storyboard */,
				40E3E23C1C4BF17D00A70BA0 /* LaunchScreen.storyboard */,
			);
			name = Views;
			sourceTree = "<group>";
		};
		40E3E26C1C4BF3CA00A70BA0 /* Supporting Files */ = {
			isa = PBXGroup;
			children = (
				40E3E23F1C4BF17D00A70BA0 /* Info.plist */,
			);
			name = "Supporting Files";
			sourceTree = "<group>";
		};
		F02D85A75C552DAEE753DE42 /* Frameworks */ = {
			isa = PBXGroup;
			children = (
				40F5F10D1C4D5814003D257C /* libsqlite3.tbd */,
				40F5F10B1C4D5805003D257C /* libz.tbd */,
				40F5F1091C4D57FB003D257C /* SystemConfiguration.framework */,
				40F5F1071C4D57EF003D257C /* StoreKit.framework */,
				40F5F1051C4D57DA003D257C /* QuartzCore.framework */,
				40F5F1031C4D57D0003D257C /* CoreLocation.framework */,
				40F5F1011C4D57C4003D257C /* CoreGraphics.framework */,
				40F5F0FF1C4D57B6003D257C /* CFNetwork.framework */,
				40F5F0FD1C4D57AC003D257C /* AudioToolbox.framework */,
				40F5F0FB1C4D5721003D257C /* parse-library-1.12.0 */,
				40F5F0F91C4D5521003D257C /* Security.framework */,
				40F5F0F71C4D520A003D257C /* Bolts.framework */,
				40F5F0F51C4D5204003D257C /* Parse.framework */,
				272B523883623C1FBC37DA50 /* Pods_carfixapp.framework */,
			);
			name = Frameworks;
			sourceTree = "<group>";
		};
/* End PBXGroup section */

/* Begin PBXNativeTarget section */
		40E3E22B1C4BF17D00A70BA0 /* carfixapp */ = {
			isa = PBXNativeTarget;
			buildConfigurationList = 40E3E2581C4BF17E00A70BA0 /* Build configuration list for PBXNativeTarget "carfixapp" */;
			buildPhases = (
				E9629DBF17C94720A57E7575 /* Check Pods Manifest.lock */,
				40E3E2281C4BF17D00A70BA0 /* Sources */,
				40E3E2291C4BF17D00A70BA0 /* Frameworks */,
				40E3E22A1C4BF17D00A70BA0 /* Resources */,
				288AD19512D7A9C149661BC1 /* Embed Pods Frameworks */,
				FDC2D090A6E8A20B4020195F /* Copy Pods Resources */,
			);
			buildRules = (
			);
			dependencies = (
			);
			name = carfixapp;
			productName = carfixapp;
			productReference = 40E3E22C1C4BF17D00A70BA0 /* carfixapp.app */;
			productType = "com.apple.product-type.application";
		};
		40E3E2431C4BF17E00A70BA0 /* carfixappTests */ = {
			isa = PBXNativeTarget;
			buildConfigurationList = 40E3E25B1C4BF17E00A70BA0 /* Build configuration list for PBXNativeTarget "carfixappTests" */;
			buildPhases = (
				40E3E2401C4BF17E00A70BA0 /* Sources */,
				40E3E2411C4BF17E00A70BA0 /* Frameworks */,
				40E3E2421C4BF17E00A70BA0 /* Resources */,
			);
			buildRules = (
			);
			dependencies = (
				40E3E2461C4BF17E00A70BA0 /* PBXTargetDependency */,
			);
			name = carfixappTests;
			productName = carfixappTests;
			productReference = 40E3E2441C4BF17E00A70BA0 /* carfixappTests.xctest */;
			productType = "com.apple.product-type.bundle.unit-test";
		};
		40E3E24E1C4BF17E00A70BA0 /* carfixappUITests */ = {
			isa = PBXNativeTarget;
			buildConfigurationList = 40E3E25E1C4BF17E00A70BA0 /* Build configuration list for PBXNativeTarget "carfixappUITests" */;
			buildPhases = (
				40E3E24B1C4BF17E00A70BA0 /* Sources */,
				40E3E24C1C4BF17E00A70BA0 /* Frameworks */,
				40E3E24D1C4BF17E00A70BA0 /* Resources */,
			);
			buildRules = (
			);
			dependencies = (
				40E3E2511C4BF17E00A70BA0 /* PBXTargetDependency */,
			);
			name = carfixappUITests;
			productName = carfixappUITests;
			productReference = 40E3E24F1C4BF17E00A70BA0 /* carfixappUITests.xctest */;
			productType = "com.apple.product-type.bundle.ui-testing";
		};
/* End PBXNativeTarget section */

/* Begin PBXProject section */
		40E3E2241C4BF17D00A70BA0 /* Project object */ = {
			isa = PBXProject;
			attributes = {
				LastSwiftUpdateCheck = 0720;
				LastUpgradeCheck = 0720;
				ORGANIZATIONNAME = carfix;
				TargetAttributes = {
					40E3E22B1C4BF17D00A70BA0 = {
						CreatedOnToolsVersion = 7.2;
						DevelopmentTeam = K7TGLXM4C8;
					};
					40E3E2431C4BF17E00A70BA0 = {
						CreatedOnToolsVersion = 7.2;
						TestTargetID = 40E3E22B1C4BF17D00A70BA0;
					};
					40E3E24E1C4BF17E00A70BA0 = {
						CreatedOnToolsVersion = 7.2;
						TestTargetID = 40E3E22B1C4BF17D00A70BA0;
					};
				};
			};
			buildConfigurationList = 40E3E2271C4BF17D00A70BA0 /* Build configuration list for PBXProject "carfixapp" */;
			compatibilityVersion = "Xcode 3.2";
			developmentRegion = English;
			hasScannedForEncodings = 0;
			knownRegions = (
				en,
				Base,
			);
			mainGroup = 40E3E2231C4BF17D00A70BA0;
			productRefGroup = 40E3E22D1C4BF17D00A70BA0 /* Products */;
			projectDirPath = "";
			projectRoot = "";
			targets = (
				40E3E22B1C4BF17D00A70BA0 /* carfixapp */,
				40E3E2431C4BF17E00A70BA0 /* carfixappTests */,
				40E3E24E1C4BF17E00A70BA0 /* carfixappUITests */,
			);
		};
/* End PBXProject section */

/* Begin PBXResourcesBuildPhase section */
		40E3E22A1C4BF17D00A70BA0 /* Resources */ = {
			isa = PBXResourcesBuildPhase;
			buildActionMask = 2147483647;
			files = (
				40E3E23E1C4BF17D00A70BA0 /* LaunchScreen.storyboard in Resources */,
				40E3E23B1C4BF17D00A70BA0 /* Images.xcassets in Resources */,
				40F5F0FC1C4D5721003D257C /* parse-library-1.12.0 in Resources */,
				40E3E2391C4BF17D00A70BA0 /* Main.storyboard in Resources */,
			);
			runOnlyForDeploymentPostprocessing = 0;
		};
		40E3E2421C4BF17E00A70BA0 /* Resources */ = {
			isa = PBXResourcesBuildPhase;
			buildActionMask = 2147483647;
			files = (
			);
			runOnlyForDeploymentPostprocessing = 0;
		};
		40E3E24D1C4BF17E00A70BA0 /* Resources */ = {
			isa = PBXResourcesBuildPhase;
			buildActionMask = 2147483647;
			files = (
			);
			runOnlyForDeploymentPostprocessing = 0;
		};
/* End PBXResourcesBuildPhase section */

/* Begin PBXShellScriptBuildPhase section */
		288AD19512D7A9C149661BC1 /* Embed Pods Frameworks */ = {
			isa = PBXShellScriptBuildPhase;
			buildActionMask = 2147483647;
			files = (
			);
			inputPaths = (
			);
			name = "Embed Pods Frameworks";
			outputPaths = (
			);
			runOnlyForDeploymentPostprocessing = 0;
			shellPath = /bin/sh;
			shellScript = "\"${SRCROOT}/Pods/Target Support Files/Pods-carfixapp/Pods-carfixapp-frameworks.sh\"\n";
			showEnvVarsInLog = 0;
		};
		E9629DBF17C94720A57E7575 /* Check Pods Manifest.lock */ = {
			isa = PBXShellScriptBuildPhase;
			buildActionMask = 2147483647;
			files = (
			);
			inputPaths = (
			);
			name = "Check Pods Manifest.lock";
			outputPaths = (
			);
			runOnlyForDeploymentPostprocessing = 0;
			shellPath = /bin/sh;
			shellScript = "diff \"${PODS_ROOT}/../Podfile.lock\" \"${PODS_ROOT}/Manifest.lock\" > /dev/null\nif [[ $? != 0 ]] ; then\n    cat << EOM\nerror: The sandbox is not in sync with the Podfile.lock. Run 'pod install' or update your CocoaPods installation.\nEOM\n    exit 1\nfi\n";
			showEnvVarsInLog = 0;
		};
		FDC2D090A6E8A20B4020195F /* Copy Pods Resources */ = {
			isa = PBXShellScriptBuildPhase;
			buildActionMask = 2147483647;
			files = (
			);
			inputPaths = (
			);
			name = "Copy Pods Resources";
			outputPaths = (
			);
			runOnlyForDeploymentPostprocessing = 0;
			shellPath = /bin/sh;
			shellScript = "\"${SRCROOT}/Pods/Target Support Files/Pods-carfixapp/Pods-carfixapp-resources.sh\"\n";
			showEnvVarsInLog = 0;
		};
/* End PBXShellScriptBuildPhase section */

/* Begin PBXSourcesBuildPhase section */
		40E3E2281C4BF17D00A70BA0 /* Sources */ = {
			isa = PBXSourcesBuildPhase;
			buildActionMask = 2147483647;
			files = (
				40418F021C4C035F00230CA7 /* header.m in Sources */,
				40E3E2301C4BF17D00A70BA0 /* AppDelegate.swift in Sources */,
				40E3E2681C4BF2E100A70BA0 /* GoogleDataProvider.swift in Sources */,
				40E3E26A1C4BF30900A70BA0 /* GooglePlace.swift in Sources */,
				40E3E2631C4BF27300A70BA0 /* MapViewController.swift in Sources */,
				40E3E2651C4BF2B200A70BA0 /* TypesTableViewController.swift in Sources */,
			);
			runOnlyForDeploymentPostprocessing = 0;
		};
		40E3E2401C4BF17E00A70BA0 /* Sources */ = {
			isa = PBXSourcesBuildPhase;
			buildActionMask = 2147483647;
			files = (
				40E3E2491C4BF17E00A70BA0 /* carfixappTests.swift in Sources */,
			);
			runOnlyForDeploymentPostprocessing = 0;
		};
		40E3E24B1C4BF17E00A70BA0 /* Sources */ = {
			isa = PBXSourcesBuildPhase;
			buildActionMask = 2147483647;
			files = (
				40E3E2541C4BF17E00A70BA0 /* carfixappUITests.swift in Sources */,
			);
			runOnlyForDeploymentPostprocessing = 0;
		};
/* End PBXSourcesBuildPhase section */

/* Begin PBXTargetDependency section */
		40E3E2461C4BF17E00A70BA0 /* PBXTargetDependency */ = {
			isa = PBXTargetDependency;
			target = 40E3E22B1C4BF17D00A70BA0 /* carfixapp */;
			targetProxy = 40E3E2451C4BF17E00A70BA0 /* PBXContainerItemProxy */;
		};
		40E3E2511C4BF17E00A70BA0 /* PBXTargetDependency */ = {
			isa = PBXTargetDependency;
			target = 40E3E22B1C4BF17D00A70BA0 /* carfixapp */;
			targetProxy = 40E3E2501C4BF17E00A70BA0 /* PBXContainerItemProxy */;
		};
/* End PBXTargetDependency section */

/* Begin PBXVariantGroup section */
		40E3E2371C4BF17D00A70BA0 /* Main.storyboard */ = {
			isa = PBXVariantGroup;
			children = (
				40E3E2381C4BF17D00A70BA0 /* Base */,
			);
			name = Main.storyboard;
			path = carfixapp;
			sourceTree = "<group>";
		};
		40E3E23C1C4BF17D00A70BA0 /* LaunchScreen.storyboard */ = {
			isa = PBXVariantGroup;
			children = (
				40E3E23D1C4BF17D00A70BA0 /* Base */,
			);
			name = LaunchScreen.storyboard;
			path = carfixapp;
			sourceTree = "<group>";
		};
/* End PBXVariantGroup section */

/* Begin XCBuildConfiguration section */
		40E3E2561C4BF17E00A70BA0 /* Debug */ = {
			isa = XCBuildConfiguration;
			buildSettings = {
				ALWAYS_SEARCH_USER_PATHS = NO;
				CLANG_CXX_LANGUAGE_STANDARD = "gnu++0x";
				CLANG_CXX_LIBRARY = "libc++";
				CLANG_ENABLE_MODULES = YES;
				CLANG_ENABLE_OBJC_ARC = YES;
				CLANG_WARN_BOOL_CONVERSION = YES;
				CLANG_WARN_CONSTANT_CONVERSION = YES;
				CLANG_WARN_DIRECT_OBJC_ISA_USAGE = YES_ERROR;
				CLANG_WARN_EMPTY_BODY = YES;
				CLANG_WARN_ENUM_CONVERSION = YES;
				CLANG_WARN_INT_CONVERSION = YES;
				CLANG_WARN_OBJC_ROOT_CLASS = YES_ERROR;
				CLANG_WARN_UNREACHABLE_CODE = YES;
				CLANG_WARN__DUPLICATE_METHOD_MATCH = YES;
				"CODE_SIGN_IDENTITY[sdk=iphoneos*]" = "iPhone Developer";
				COPY_PHASE_STRIP = NO;
				DEBUG_INFORMATION_FORMAT = dwarf;
				ENABLE_STRICT_OBJC_MSGSEND = YES;
				ENABLE_TESTABILITY = YES;
				GCC_C_LANGUAGE_STANDARD = gnu99;
				GCC_DYNAMIC_NO_PIC = NO;
				GCC_NO_COMMON_BLOCKS = YES;
				GCC_OPTIMIZATION_LEVEL = 0;
				GCC_PREPROCESSOR_DEFINITIONS = (
					"DEBUG=1",
					"$(inherited)",
				);
				GCC_WARN_64_TO_32_BIT_CONVERSION = YES;
				GCC_WARN_ABOUT_RETURN_TYPE = YES_ERROR;
				GCC_WARN_UNDECLARED_SELECTOR = YES;
				GCC_WARN_UNINITIALIZED_AUTOS = YES_AGGRESSIVE;
				GCC_WARN_UNUSED_FUNCTION = YES;
				GCC_WARN_UNUSED_VARIABLE = YES;
				IPHONEOS_DEPLOYMENT_TARGET = 9.2;
				MTL_ENABLE_DEBUG_INFO = YES;
				ONLY_ACTIVE_ARCH = YES;
				SDKROOT = iphoneos;
				SWIFT_OPTIMIZATION_LEVEL = "-Onone";
				TARGETED_DEVICE_FAMILY = "1,2";
			};
			name = Debug;
		};
		40E3E2571C4BF17E00A70BA0 /* Release */ = {
			isa = XCBuildConfiguration;
			buildSettings = {
				ALWAYS_SEARCH_USER_PATHS = NO;
				CLANG_CXX_LANGUAGE_STANDARD = "gnu++0x";
				CLANG_CXX_LIBRARY = "libc++";
				CLANG_ENABLE_MODULES = YES;
				CLANG_ENABLE_OBJC_ARC = YES;
				CLANG_WARN_BOOL_CONVERSION = YES;
				CLANG_WARN_CONSTANT_CONVERSION = YES;
				CLANG_WARN_DIRECT_OBJC_ISA_USAGE = YES_ERROR;
				CLANG_WARN_EMPTY_BODY = YES;
				CLANG_WARN_ENUM_CONVERSION = YES;
				CLANG_WARN_INT_CONVERSION = YES;
				CLANG_WARN_OBJC_ROOT_CLASS = YES_ERROR;
				CLANG_WARN_UNREACHABLE_CODE = YES;
				CLANG_WARN__DUPLICATE_METHOD_MATCH = YES;
				"CODE_SIGN_IDENTITY[sdk=iphoneos*]" = "iPhone Developer";
				COPY_PHASE_STRIP = NO;
				DEBUG_INFORMATION_FORMAT = "dwarf-with-dsym";
				ENABLE_NS_ASSERTIONS = NO;
				ENABLE_STRICT_OBJC_MSGSEND = YES;
				GCC_C_LANGUAGE_STANDARD = gnu99;
				GCC_NO_COMMON_BLOCKS = YES;
				GCC_WARN_64_TO_32_BIT_CONVERSION = YES;
				GCC_WARN_ABOUT_RETURN_TYPE = YES_ERROR;
				GCC_WARN_UNDECLARED_SELECTOR = YES;
				GCC_WARN_UNINITIALIZED_AUTOS = YES_AGGRESSIVE;
				GCC_WARN_UNUSED_FUNCTION = YES;
				GCC_WARN_UNUSED_VARIABLE = YES;
				IPHONEOS_DEPLOYMENT_TARGET = 9.2;
				MTL_ENABLE_DEBUG_INFO = NO;
				SDKROOT = iphoneos;
				TARGETED_DEVICE_FAMILY = "1,2";
				VALIDATE_PRODUCT = YES;
			};
			name = Release;
		};
		40E3E2591C4BF17E00A70BA0 /* Debug */ = {
			isa = XCBuildConfiguration;
			baseConfigurationReference = BCEF2A4FF4E4262D178B0B08 /* Pods-carfixapp.debug.xcconfig */;
			buildSettings = {
				ASSETCATALOG_COMPILER_APPICON_NAME = AppIcon;
				CLANG_ENABLE_MODULES = YES;
				CODE_SIGN_IDENTITY = "iPhone Developer";
				FRAMEWORK_SEARCH_PATHS = (
					"$(inherited)",
					"$(PROJECT_DIR)/build/Debug-iphoneos",
				);
				INFOPLIST_FILE = carfixapp/Info.plist;
				IPHONEOS_DEPLOYMENT_TARGET = 8.2;
				LD_RUNPATH_SEARCH_PATHS = "$(inherited) @executable_path/Frameworks";
				PRODUCT_BUNDLE_IDENTIFIER = my.Carfix.Carfix;
				PRODUCT_NAME = "$(TARGET_NAME)";
				SWIFT_OBJC_BRIDGING_HEADER = "carfixapp-Bridging-Header.h";
				SWIFT_OPTIMIZATION_LEVEL = "-Onone";
			};
			name = Debug;
		};
		40E3E25A1C4BF17E00A70BA0 /* Release */ = {
			isa = XCBuildConfiguration;
			baseConfigurationReference = F7B30079F1B888A1A35416B8 /* Pods-carfixapp.release.xcconfig */;
			buildSettings = {
				ASSETCATALOG_COMPILER_APPICON_NAME = AppIcon;
				CLANG_ENABLE_MODULES = YES;
				CODE_SIGN_IDENTITY = "iPhone Developer";
				FRAMEWORK_SEARCH_PATHS = (
					"$(inherited)",
					"$(PROJECT_DIR)/build/Debug-iphoneos",
				);
				INFOPLIST_FILE = carfixapp/Info.plist;
				IPHONEOS_DEPLOYMENT_TARGET = 8.2;
				LD_RUNPATH_SEARCH_PATHS = "$(inherited) @executable_path/Frameworks";
				PRODUCT_BUNDLE_IDENTIFIER = my.Carfix.Carfix;
				PRODUCT_NAME = "$(TARGET_NAME)";
				SWIFT_OBJC_BRIDGING_HEADER = "carfixapp-Bridging-Header.h";
			};
			name = Release;
		};
		40E3E25C1C4BF17E00A70BA0 /* Debug */ = {
			isa = XCBuildConfiguration;
			buildSettings = {
				BUNDLE_LOADER = "$(TEST_HOST)";
				INFOPLIST_FILE = carfixappTests/Info.plist;
				LD_RUNPATH_SEARCH_PATHS = "$(inherited) @executable_path/Frameworks @loader_path/Frameworks";
				PRODUCT_BUNDLE_IDENTIFIER = com.carfix.carfixappTests;
				PRODUCT_NAME = "$(TARGET_NAME)";
				TEST_HOST = "$(BUILT_PRODUCTS_DIR)/carfixapp.app/carfixapp";
			};
			name = Debug;
		};
		40E3E25D1C4BF17E00A70BA0 /* Release */ = {
			isa = XCBuildConfiguration;
			buildSettings = {
				BUNDLE_LOADER = "$(TEST_HOST)";
				INFOPLIST_FILE = carfixappTests/Info.plist;
				LD_RUNPATH_SEARCH_PATHS = "$(inherited) @executable_path/Frameworks @loader_path/Frameworks";
				PRODUCT_BUNDLE_IDENTIFIER = com.carfix.carfixappTests;
				PRODUCT_NAME = "$(TARGET_NAME)";
				TEST_HOST = "$(BUILT_PRODUCTS_DIR)/carfixapp.app/carfixapp";
			};
			name = Release;
		};
		40E3E25F1C4BF17E00A70BA0 /* Debug */ = {
			isa = XCBuildConfiguration;
			buildSettings = {
				INFOPLIST_FILE = carfixappUITests/Info.plist;
				LD_RUNPATH_SEARCH_PATHS = "$(inherited) @executable_path/Frameworks @loader_path/Frameworks";
				PRODUCT_BUNDLE_IDENTIFIER = com.carfix.carfixappUITests;
				PRODUCT_NAME = "$(TARGET_NAME)";
				TEST_TARGET_NAME = carfixapp;
				USES_XCTRUNNER = YES;
			};
			name = Debug;
		};
		40E3E2601C4BF17E00A70BA0 /* Release */ = {
			isa = XCBuildConfiguration;
			buildSettings = {
				INFOPLIST_FILE = carfixappUITests/Info.plist;
				LD_RUNPATH_SEARCH_PATHS = "$(inherited) @executable_path/Frameworks @loader_path/Frameworks";
				PRODUCT_BUNDLE_IDENTIFIER = com.carfix.carfixappUITests;
				PRODUCT_NAME = "$(TARGET_NAME)";
				TEST_TARGET_NAME = carfixapp;
				USES_XCTRUNNER = YES;
			};
			name = Release;
		};
/* End XCBuildConfiguration section */

/* Begin XCConfigurationList section */
		40E3E2271C4BF17D00A70BA0 /* Build configuration list for PBXProject "carfixapp" */ = {
			isa = XCConfigurationList;
			buildConfigurations = (
				40E3E2561C4BF17E00A70BA0 /* Debug */,
				40E3E2571C4BF17E00A70BA0 /* Release */,
			);
			defaultConfigurationIsVisible = 0;
			defaultConfigurationName = Release;
		};
		40E3E2581C4BF17E00A70BA0 /* Build configuration list for PBXNativeTarget "carfixapp" */ = {
			isa = XCConfigurationList;
			buildConfigurations = (
				40E3E2591C4BF17E00A70BA0 /* Debug */,
				40E3E25A1C4BF17E00A70BA0 /* Release */,
			);
			defaultConfigurationIsVisible = 0;
			defaultConfigurationName = Release;
		};
		40E3E25B1C4BF17E00A70BA0 /* Build configuration list for PBXNativeTarget "carfixappTests" */ = {
			isa = XCConfigurationList;
			buildConfigurations = (
				40E3E25C1C4BF17E00A70BA0 /* Debug */,
				40E3E25D1C4BF17E00A70BA0 /* Release */,
			);
			defaultConfigurationIsVisible = 0;
			defaultConfigurationName = Release;
		};
		40E3E25E1C4BF17E00A70BA0 /* Build configuration list for PBXNativeTarget "carfixappUITests" */ = {
			isa = XCConfigurationList;
			buildConfigurations = (
				40E3E25F1C4BF17E00A70BA0 /* Debug */,
				40E3E2601C4BF17E00A70BA0 /* Release */,
			);
			defaultConfigurationIsVisible = 0;
			defaultConfigurationName = Release;
		};
/* End XCConfigurationList section */
	};
	rootObject = 40E3E2241C4BF17D00A70BA0 /* Project object */;
}
